
Microsoft Visual Studio Solution File, Format Version 12.00
# Visual Studio Version 17
VisualStudioVersion = 17.10.35027.167
MinimumVisualStudioVersion = 10.0.40219.1
Project("{FAE04EC0-301F-11D3-BF4B-00C04F79EFBC}") = "RVTBootcamp_Module_03", "RVTBootcamp_Module_03\RVTBootcamp_Module_03.csproj", "{EE0CE70B-934C-489E-A273-86972F2DC3AE}"
EndProject
Global
	GlobalSection(SolutionConfigurationPlatforms) = preSolution
		Debug R20|Any CPU = Debug R20|Any CPU
		Debug R21|Any CPU = Debug R21|Any CPU
		Debug R22|Any CPU = Debug R22|Any CPU
		Debug R23|Any CPU = Debug R23|Any CPU
		Debug R24|Any CPU = Debug R24|Any CPU
		Debug R25|Any CPU = Debug R25|Any CPU
		Release R20|Any CPU = Release R20|Any CPU
		Release R21|Any CPU = Release R21|Any CPU
		Release R22|Any CPU = Release R22|Any CPU
		Release R23|Any CPU = Release R23|Any CPU
		Release R24|Any CPU = Release R24|Any CPU
		Release R25|Any CPU = Release R25|Any CPU
	EndGlobalSection
	GlobalSection(ProjectConfigurationPlatforms) = postSolution
		{EE0CE70B-934C-489E-A273-86972F2DC3AE}.Debug R20|Any CPU.ActiveCfg = Debug R20|Any CPU
		{EE0CE70B-934C-489E-A273-86972F2DC3AE}.Debug R20|Any CPU.Build.0 = Debug R20|Any CPU
		{EE0CE70B-934C-489E-A273-86972F2DC3AE}.Debug R21|Any CPU.ActiveCfg = Debug R21|Any CPU
		{EE0CE70B-934C-489E-A273-86972F2DC3AE}.Debug R21|Any CPU.Build.0 = Debug R21|Any CPU
		{EE0CE70B-934C-489E-A273-86972F2DC3AE}.Debug R22|Any CPU.ActiveCfg = Debug R22|Any CPU
		{EE0CE70B-934C-489E-A273-86972F2DC3AE}.Debug R22|Any CPU.Build.0 = Debug R22|Any CPU
		{EE0CE70B-934C-489E-A273-86972F2DC3AE}.Debug R23|Any CPU.ActiveCfg = Debug R23|Any CPU
		{EE0CE70B-934C-489E-A273-86972F2DC3AE}.Debug R23|Any CPU.Build.0 = Debug R23|Any CPU
		{EE0CE70B-934C-489E-A273-86972F2DC3AE}.Debug R24|Any CPU.ActiveCfg = Debug R24|Any CPU
		{EE0CE70B-934C-489E-A273-86972F2DC3AE}.Debug R24|Any CPU.Build.0 = Debug R24|Any CPU
		{EE0CE70B-934C-489E-A273-86972F2DC3AE}.Debug R25|Any CPU.ActiveCfg = Debug R25|Any CPU
		{EE0CE70B-934C-489E-A273-86972F2DC3AE}.Debug R25|Any CPU.Build.0 = Debug R25|Any CPU
		{EE0CE70B-934C-489E-A273-86972F2DC3AE}.Release R20|Any CPU.ActiveCfg = Release R20|Any CPU
		{EE0CE70B-934C-489E-A273-86972F2DC3AE}.Release R20|Any CPU.Build.0 = Release R20|Any CPU
		{EE0CE70B-934C-489E-A273-86972F2DC3AE}.Release R21|Any CPU.ActiveCfg = Release R21|Any CPU
		{EE0CE70B-934C-489E-A273-86972F2DC3AE}.Release R21|Any CPU.Build.0 = Release R21|Any CPU
		{EE0CE70B-934C-489E-A273-86972F2DC3AE}.Release R22|Any CPU.ActiveCfg = Release R22|Any CPU
		{EE0CE70B-934C-489E-A273-86972F2DC3AE}.Release R22|Any CPU.Build.0 = Release R22|Any CPU
		{EE0CE70B-934C-489E-A273-86972F2DC3AE}.Release R23|Any CPU.ActiveCfg = Release R23|Any CPU
		{EE0CE70B-934C-489E-A273-86972F2DC3AE}.Release R23|Any CPU.Build.0 = Release R23|Any CPU
		{EE0CE70B-934C-489E-A273-86972F2DC3AE}.Release R24|Any CPU.ActiveCfg = Release R24|Any CPU
		{EE0CE70B-934C-489E-A273-86972F2DC3AE}.Release R24|Any CPU.Build.0 = Release R24|Any CPU
		{EE0CE70B-934C-489E-A273-86972F2DC3AE}.Release R25|Any CPU.ActiveCfg = Release R25|Any CPU
		{EE0CE70B-934C-489E-A273-86972F2DC3AE}.Release R25|Any CPU.Build.0 = Release R25|Any CPU
	EndGlobalSection
	GlobalSection(SolutionProperties) = preSolution
		HideSolutionNode = FALSE
	EndGlobalSection
	GlobalSection(ExtensibilityGlobals) = postSolution
		SolutionGuid = {7E53E953-C26F-404C-AAFE-1D6BB7173B6C}
	EndGlobalSection
EndGlobal
